
Microsoft Visual Studio Solution File, Format Version 12.00
# Visual Studio Version 17
VisualStudioVersion = 17.14.36429.23 d17.14
MinimumVisualStudioVersion = 10.0.40219.1
Project("{FAE04EC0-301F-11D3-BF4B-00C04F79EFBC}") = "lr 4", "lr 4\lr 4.csproj", "{6B17BFF6-412E-419E-B27A-EA820624D5B5}"
EndProject
Global
	GlobalSection(SolutionConfigurationPlatforms) = preSolution
		Debug|Any CPU = Debug|Any CPU
		Release|Any CPU = Release|Any CPU
	EndGlobalSection
	GlobalSection(ProjectConfigurationPlatforms) = postSolution
		{6B17BFF6-412E-419E-B27A-EA820624D5B5}.Debug|Any CPU.ActiveCfg = Debug|Any CPU
		{6B17BFF6-412E-419E-B27A-EA820624D5B5}.Debug|Any CPU.Build.0 = Debug|Any CPU
		{6B17BFF6-412E-419E-B27A-EA820624D5B5}.Release|Any CPU.ActiveCfg = Release|Any CPU
		{6B17BFF6-412E-419E-B27A-EA820624D5B5}.Release|Any CPU.Build.0 = Release|Any CPU
	EndGlobalSection
	GlobalSection(SolutionProperties) = preSolution
		HideSolutionNode = FALSE
	EndGlobalSection
	GlobalSection(ExtensibilityGlobals) = postSolution
		SolutionGuid = {524A2BD9-1532-4E04-A764-FEF72C4E8A23}
	EndGlobalSection
EndGlobal
