
Microsoft Visual Studio Solution File, Format Version 12.00
# Visual Studio Version 17
VisualStudioVersion = 17.14.36429.23 d17.14
MinimumVisualStudioVersion = 10.0.40219.1
Project("{FAE04EC0-301F-11D3-BF4B-00C04F79EFBC}") = "Lr2", "Lr2\Lr2.csproj", "{484AA716-96DA-4531-B0B8-9F607A5B3DAE}"
EndProject
Global
	GlobalSection(SolutionConfigurationPlatforms) = preSolution
		Debug|Any CPU = Debug|Any CPU
		Release|Any CPU = Release|Any CPU
	EndGlobalSection
	GlobalSection(ProjectConfigurationPlatforms) = postSolution
		{484AA716-96DA-4531-B0B8-9F607A5B3DAE}.Debug|Any CPU.ActiveCfg = Debug|Any CPU
		{484AA716-96DA-4531-B0B8-9F607A5B3DAE}.Debug|Any CPU.Build.0 = Debug|Any CPU
		{484AA716-96DA-4531-B0B8-9F607A5B3DAE}.Release|Any CPU.ActiveCfg = Release|Any CPU
		{484AA716-96DA-4531-B0B8-9F607A5B3DAE}.Release|Any CPU.Build.0 = Release|Any CPU
	EndGlobalSection
	GlobalSection(SolutionProperties) = preSolution
		HideSolutionNode = FALSE
	EndGlobalSection
	GlobalSection(ExtensibilityGlobals) = postSolution
		SolutionGuid = {4F88D826-3849-4325-B3D2-B3A845B50C80}
	EndGlobalSection
EndGlobal
